github.com/KarpelesLab/gowebp v0.1.1 h1:W11ZrRVx+Zk4ypW5NBEU31FQzghICXIrAbAbO5yd4M0=
github.com/KarpelesLab/gowebp v0.1.1/go.mod h1:Js8OXPQ94yl94HqaO/9XuUqk0wOPod6uycryhzmTgsU=
golang.org/x/image v0.24.0 h1:AN7zRgVsbvmTfNyqIbbOraYL8mSwcKncEj8ofjgzcMQ=
golang.org/x/image v0.24.0/go.mod h1:4b/ITuLfqYq1hqZcjofwctIhi7sZh2WaCjvsBNjjya8=
